
Microsoft Visual Studio Solution File, Format Version 12.00
# Visual Studio Version 17
VisualStudioVersion = 17.11.35017.193
MinimumVisualStudioVersion = 10.0.40219.1
Project("{FAE04EC0-301F-11D3-BF4B-00C04F79EFBC}") = "NaturalLanguageQA", "NaturalLanguageQA\NaturalLanguageQA.csproj", "{5E1F988D-1DDA-4147-B3D3-3AF4E6CAB258}"
EndProject
Global
	GlobalSection(SolutionConfigurationPlatforms) = preSolution
		Debug|Any CPU = Debug|Any CPU
		Release|Any CPU = Release|Any CPU
	EndGlobalSection
	GlobalSection(ProjectConfigurationPlatforms) = postSolution
		{5E1F988D-1DDA-4147-B3D3-3AF4E6CAB258}.Debug|Any CPU.ActiveCfg = Debug|Any CPU
		{5E1F988D-1DDA-4147-B3D3-3AF4E6CAB258}.Debug|Any CPU.Build.0 = Debug|Any CPU
		{5E1F988D-1DDA-4147-B3D3-3AF4E6CAB258}.Release|Any CPU.ActiveCfg = Release|Any CPU
		{5E1F988D-1DDA-4147-B3D3-3AF4E6CAB258}.Release|Any CPU.Build.0 = Release|Any CPU
	EndGlobalSection
	GlobalSection(SolutionProperties) = preSolution
		HideSolutionNode = FALSE
	EndGlobalSection
	GlobalSection(ExtensibilityGlobals) = postSolution
		SolutionGuid = {2E6EB0DF-FFE1-4607-9362-4036F6E981A3}
	EndGlobalSection
EndGlobal
