
Microsoft Visual Studio Solution File, Format Version 12.00
# Visual Studio Version 17
VisualStudioVersion = 17.11.35017.193
MinimumVisualStudioVersion = 10.0.40219.1
Project("{9A19103F-16F7-4668-BE54-9A1E7A4F7556}") = "Blazor.Tools", "Blazor.Tools\Blazor.Tools.csproj", "{3140E023-EF90-4FCA-905E-A480AE60A0E9}"
EndProject
Project("{9A19103F-16F7-4668-BE54-9A1E7A4F7556}") = "Blazor.Tools.AppHost", "Blazor.Tools.AppHost\Blazor.Tools.AppHost.csproj", "{0C3945B2-E9D4-42C8-8764-E415FB428FB3}"
EndProject
Project("{9A19103F-16F7-4668-BE54-9A1E7A4F7556}") = "Blazor.Tools.ServiceDefaults", "Blazor.Tools.ServiceDefaults\Blazor.Tools.ServiceDefaults.csproj", "{04A97AA6-DA15-47DA-85A8-5D50B3CD4816}"
EndProject
Project("{9A19103F-16F7-4668-BE54-9A1E7A4F7556}") = "Blazor.Tools.ConsoleApp", "Blazor.Tools.ConsoleApp\Blazor.Tools.ConsoleApp.csproj", "{D38D301C-14F1-442B-A12E-E8A29391B75B}"
EndProject
Project("{9A19103F-16F7-4668-BE54-9A1E7A4F7556}") = "PredictiveMaintenance", "PredictiveMaintenance\PredictiveMaintenance.csproj", "{1A8CD689-7B05-4C97-BA88-3D4B49B727DE}"
EndProject
Project("{9A19103F-16F7-4668-BE54-9A1E7A4F7556}") = "PredictiveMaintenanceConsole", "PredictiveMaintenanceConsole\PredictiveMaintenanceConsole.csproj", "{11B97DDD-FE82-469B-9E1F-DAF283D84C96}"
EndProject
Project("{FAE04EC0-301F-11D3-BF4B-00C04F79EFBC}") = "Blazor.Tools.BlazorBundler", "Blazor.Tools.BlazorBundler\Blazor.Tools.BlazorBundler.csproj", "{1B463EE3-BFF9-44FF-8F17-67444B258965}"
EndProject
Global
	GlobalSection(SolutionConfigurationPlatforms) = preSolution
		Debug|Any CPU = Debug|Any CPU
		Release|Any CPU = Release|Any CPU
	EndGlobalSection
	GlobalSection(ProjectConfigurationPlatforms) = postSolution
		{3140E023-EF90-4FCA-905E-A480AE60A0E9}.Debug|Any CPU.ActiveCfg = Debug|Any CPU
		{3140E023-EF90-4FCA-905E-A480AE60A0E9}.Debug|Any CPU.Build.0 = Debug|Any CPU
		{3140E023-EF90-4FCA-905E-A480AE60A0E9}.Release|Any CPU.ActiveCfg = Release|Any CPU
		{3140E023-EF90-4FCA-905E-A480AE60A0E9}.Release|Any CPU.Build.0 = Release|Any CPU
		{0C3945B2-E9D4-42C8-8764-E415FB428FB3}.Debug|Any CPU.ActiveCfg = Debug|Any CPU
		{0C3945B2-E9D4-42C8-8764-E415FB428FB3}.Debug|Any CPU.Build.0 = Debug|Any CPU
		{0C3945B2-E9D4-42C8-8764-E415FB428FB3}.Release|Any CPU.ActiveCfg = Release|Any CPU
		{0C3945B2-E9D4-42C8-8764-E415FB428FB3}.Release|Any CPU.Build.0 = Release|Any CPU
		{04A97AA6-DA15-47DA-85A8-5D50B3CD4816}.Debug|Any CPU.ActiveCfg = Debug|Any CPU
		{04A97AA6-DA15-47DA-85A8-5D50B3CD4816}.Debug|Any CPU.Build.0 = Debug|Any CPU
		{04A97AA6-DA15-47DA-85A8-5D50B3CD4816}.Release|Any CPU.ActiveCfg = Release|Any CPU
		{04A97AA6-DA15-47DA-85A8-5D50B3CD4816}.Release|Any CPU.Build.0 = Release|Any CPU
		{D38D301C-14F1-442B-A12E-E8A29391B75B}.Debug|Any CPU.ActiveCfg = Debug|Any CPU
		{D38D301C-14F1-442B-A12E-E8A29391B75B}.Debug|Any CPU.Build.0 = Debug|Any CPU
		{D38D301C-14F1-442B-A12E-E8A29391B75B}.Release|Any CPU.ActiveCfg = Release|Any CPU
		{D38D301C-14F1-442B-A12E-E8A29391B75B}.Release|Any CPU.Build.0 = Release|Any CPU
		{1A8CD689-7B05-4C97-BA88-3D4B49B727DE}.Debug|Any CPU.ActiveCfg = Debug|Any CPU
		{1A8CD689-7B05-4C97-BA88-3D4B49B727DE}.Debug|Any CPU.Build.0 = Debug|Any CPU
		{1A8CD689-7B05-4C97-BA88-3D4B49B727DE}.Release|Any CPU.ActiveCfg = Release|Any CPU
		{1A8CD689-7B05-4C97-BA88-3D4B49B727DE}.Release|Any CPU.Build.0 = Release|Any CPU
		{11B97DDD-FE82-469B-9E1F-DAF283D84C96}.Debug|Any CPU.ActiveCfg = Debug|Any CPU
		{11B97DDD-FE82-469B-9E1F-DAF283D84C96}.Debug|Any CPU.Build.0 = Debug|Any CPU
		{11B97DDD-FE82-469B-9E1F-DAF283D84C96}.Release|Any CPU.ActiveCfg = Release|Any CPU
		{11B97DDD-FE82-469B-9E1F-DAF283D84C96}.Release|Any CPU.Build.0 = Release|Any CPU
		{1B463EE3-BFF9-44FF-8F17-67444B258965}.Debug|Any CPU.ActiveCfg = Debug|Any CPU
		{1B463EE3-BFF9-44FF-8F17-67444B258965}.Debug|Any CPU.Build.0 = Debug|Any CPU
		{1B463EE3-BFF9-44FF-8F17-67444B258965}.Release|Any CPU.ActiveCfg = Release|Any CPU
		{1B463EE3-BFF9-44FF-8F17-67444B258965}.Release|Any CPU.Build.0 = Release|Any CPU
	EndGlobalSection
	GlobalSection(SolutionProperties) = preSolution
		HideSolutionNode = FALSE
	EndGlobalSection
	GlobalSection(ExtensibilityGlobals) = postSolution
		SolutionGuid = {4BDE136E-8735-45BB-86A0-AEEBCAD58B7D}
	EndGlobalSection
EndGlobal
