
Microsoft Visual Studio Solution File, Format Version 12.00
# Visual Studio Version 17
VisualStudioVersion = 17.11.35017.193
MinimumVisualStudioVersion = 10.0.40219.1
Project("{9A19103F-16F7-4668-BE54-9A1E7A4F7556}") = "Blazor.Tools.AppHost", "Blazor.Tools.AppHost\Blazor.Tools.AppHost.csproj", "{0C3945B2-E9D4-42C8-8764-E415FB428FB3}"
EndProject
Project("{9A19103F-16F7-4668-BE54-9A1E7A4F7556}") = "Blazor.Tools.ServiceDefaults", "Blazor.Tools.ServiceDefaults\Blazor.Tools.ServiceDefaults.csproj", "{04A97AA6-DA15-47DA-85A8-5D50B3CD4816}"
EndProject
Project("{9A19103F-16F7-4668-BE54-9A1E7A4F7556}") = "Blazor.Tools.ConsoleApp", "Blazor.Tools.ConsoleApp\Blazor.Tools.ConsoleApp.csproj", "{D38D301C-14F1-442B-A12E-E8A29391B75B}"
EndProject
Project("{9A19103F-16F7-4668-BE54-9A1E7A4F7556}") = "PredictiveMaintenance", "PredictiveMaintenance\PredictiveMaintenance.csproj", "{1A8CD689-7B05-4C97-BA88-3D4B49B727DE}"
EndProject
Project("{9A19103F-16F7-4668-BE54-9A1E7A4F7556}") = "PredictiveMaintenanceConsole", "PredictiveMaintenanceConsole\PredictiveMaintenanceConsole.csproj", "{11B97DDD-FE82-469B-9E1F-DAF283D84C96}"
EndProject
Project("{9A19103F-16F7-4668-BE54-9A1E7A4F7556}") = "Blazor.Tools.BlazorBundler", "Blazor.Tools.BlazorBundler\Blazor.Tools.BlazorBundler.csproj", "{1B463EE3-BFF9-44FF-8F17-67444B258965}"
EndProject
Project("{FAE04EC0-301F-11D3-BF4B-00C04F79EFBC}") = "TargetLibrary", "TargetLibrary\TargetLibrary.csproj", "{9CF14B08-2AB3-4EF7-B69C-BB2C290094EF}"
EndProject
Project("{FAE04EC0-301F-11D3-BF4B-00C04F79EFBC}") = "MyPackage", "MyPackage\MyPackage.csproj", "{FBE9C40A-5061-4D70-A632-860F0948B1A1}"
EndProject
Project("{FAE04EC0-301F-11D3-BF4B-00C04F79EFBC}") = "Blazor.Tools.BlazorBundler.Entities.SampleObjects.Models", "Blazor.Tools.BlazorBundler.Entities.SampleObjects.Models\Blazor.Tools.BlazorBundler.Entities.SampleObjects.Models.csproj", "{B0D24B25-7615-43BD-B37E-37BB062A2AF5}"
EndProject
Project("{FAE04EC0-301F-11D3-BF4B-00C04F79EFBC}") = "Blazor.Tools.BlazorBundler.Entities.SampleObjects.ViewModels", "Blazor.Tools.BlazorBundler.Entities.SampleObjects.ViewModels\Blazor.Tools.BlazorBundler.Entities.SampleObjects.ViewModels.csproj", "{0FB33B43-5B8C-431C-9A0F-32EA6E0C0229}"
EndProject
Project("{FAE04EC0-301F-11D3-BF4B-00C04F79EFBC}") = "Blazor.Tools.BlazorBundler.Interfaces", "Blazor.Tools.BlazorBundler.Interfaces\Blazor.Tools.BlazorBundler.Interfaces.csproj", "{4FB2A8BB-E9AF-4E7F-829D-1A168C927FD4}"
EndProject
Project("{FAE04EC0-301F-11D3-BF4B-00C04F79EFBC}") = "Blazor.Tools.BlazorBundler.SessionManagement", "Blazor.Tools.BlazorBundler.SessionManagement\Blazor.Tools.BlazorBundler.SessionManagement.csproj", "{319FA76B-664D-40F4-8EC3-877C6F52CD47}"
EndProject
Project("{FAE04EC0-301F-11D3-BF4B-00C04F79EFBC}") = "Blazor.Tools.BlazorBundler.Entities", "Blazor.Tools.BlazorBundler.Entities\Blazor.Tools.BlazorBundler.Entities.csproj", "{73B056AF-10CF-4AB5-8961-3101AC9A5CA7}"
EndProject
Project("{FAE04EC0-301F-11D3-BF4B-00C04F79EFBC}") = "Blazor.Tools", "Blazor.Tools\Blazor.Tools.csproj", "{A5FC25B7-C794-417F-9353-7907C42CF6A4}"
EndProject
Project("{FAE04EC0-301F-11D3-BF4B-00C04F79EFBC}") = "Blazor.Tools.BlazorBundler.Entities.SampleObjects.Data", "Blazor.Tools.BlazorBundler.Entities.SampleObjects.Data\Blazor.Tools.BlazorBundler.Entities.SampleObjects.Data.csproj", "{AE5F6239-F5E0-4027-9C85-C6C13E083A6E}"
EndProject
Project("{FAE04EC0-301F-11D3-BF4B-00C04F79EFBC}") = "Blazor.Tools.BlazorBundler.Extensions", "Blazor.Tools.BlazorBundler.Extensions\Blazor.Tools.BlazorBundler.Extensions.csproj", "{2A652CDD-5B3C-402E-95D7-804751420884}"
EndProject
Project("{FAE04EC0-301F-11D3-BF4B-00C04F79EFBC}") = "Blazor.Tools.BlazorBundler.Factories", "Blazor.Tools.BlazorBundler.Factories\Blazor.Tools.BlazorBundler.Factories.csproj", "{83FAFE4D-F8F4-4FF9-9D0E-9202DA141FA7}"
EndProject
Project("{FAE04EC0-301F-11D3-BF4B-00C04F79EFBC}") = "Blazor.Tools.BlazorBundler.Models", "Blazor.Tools.BlazorBundler.Models\Blazor.Tools.BlazorBundler.Models.csproj", "{91A68B06-19C5-46CE-989E-4234E25F7510}"
EndProject
Project("{FAE04EC0-301F-11D3-BF4B-00C04F79EFBC}") = "Blazor.Tools.BlazorBundler.Utilities", "Blazor.Tools.BlazorBundler.Utilities\Blazor.Tools.BlazorBundler.Utilities.csproj", "{16F5F2AD-1830-4345-826B-6370A2183C89}"
EndProject
Project("{FAE04EC0-301F-11D3-BF4B-00C04F79EFBC}") = "Blazor.Tools.AppHost.Test", "Blazor.Tools.AppHost.Test\Blazor.Tools.AppHost.Test.csproj", "{C10DDE12-EE66-4229-9170-CD21AAC8BB84}"
EndProject
Project("{FAE04EC0-301F-11D3-BF4B-00C04F79EFBC}") = "Blazor.Tools.Test", "Blazor.Tools.Test\Blazor.Tools.Test.csproj", "{1DEE10DD-6274-46C5-8F93-A0A28BD6A6FD}"
EndProject
Project("{2150E333-8FDC-42A3-9474-1A3956D46DE8}") = "Solution Items", "Solution Items", "{4A207A2D-FAFC-493B-99DB-612DD072DA44}"
	ProjectSection(SolutionItems) = preProject
		Scripts\addnugetsources.ps1 = Scripts\addnugetsources.ps1
		Scripts\deletepackages.ps1 = Scripts\deletepackages.ps1
		Scripts\delbinobj.ps1 = Scripts\delbinobj.ps1
		Scripts\delnugetpackages.ps1 = Scripts\delnugetpackages.ps1
		Scripts\delnugetsources.ps1 = Scripts\delnugetsources.ps1
		Scripts\publish.ps1 = Scripts\publish.ps1
	EndProjectSection
EndProject
Global
	GlobalSection(SolutionConfigurationPlatforms) = preSolution
		Debug|Any CPU = Debug|Any CPU
		Release|Any CPU = Release|Any CPU
	EndGlobalSection
	GlobalSection(ProjectConfigurationPlatforms) = postSolution
		{0C3945B2-E9D4-42C8-8764-E415FB428FB3}.Debug|Any CPU.ActiveCfg = Debug|Any CPU
		{0C3945B2-E9D4-42C8-8764-E415FB428FB3}.Debug|Any CPU.Build.0 = Debug|Any CPU
		{0C3945B2-E9D4-42C8-8764-E415FB428FB3}.Release|Any CPU.ActiveCfg = Release|Any CPU
		{0C3945B2-E9D4-42C8-8764-E415FB428FB3}.Release|Any CPU.Build.0 = Release|Any CPU
		{04A97AA6-DA15-47DA-85A8-5D50B3CD4816}.Debug|Any CPU.ActiveCfg = Debug|Any CPU
		{04A97AA6-DA15-47DA-85A8-5D50B3CD4816}.Debug|Any CPU.Build.0 = Debug|Any CPU
		{04A97AA6-DA15-47DA-85A8-5D50B3CD4816}.Release|Any CPU.ActiveCfg = Release|Any CPU
		{04A97AA6-DA15-47DA-85A8-5D50B3CD4816}.Release|Any CPU.Build.0 = Release|Any CPU
		{D38D301C-14F1-442B-A12E-E8A29391B75B}.Debug|Any CPU.ActiveCfg = Debug|Any CPU
		{D38D301C-14F1-442B-A12E-E8A29391B75B}.Debug|Any CPU.Build.0 = Debug|Any CPU
		{D38D301C-14F1-442B-A12E-E8A29391B75B}.Release|Any CPU.ActiveCfg = Release|Any CPU
		{D38D301C-14F1-442B-A12E-E8A29391B75B}.Release|Any CPU.Build.0 = Release|Any CPU
		{1A8CD689-7B05-4C97-BA88-3D4B49B727DE}.Debug|Any CPU.ActiveCfg = Debug|Any CPU
		{1A8CD689-7B05-4C97-BA88-3D4B49B727DE}.Debug|Any CPU.Build.0 = Debug|Any CPU
		{1A8CD689-7B05-4C97-BA88-3D4B49B727DE}.Release|Any CPU.ActiveCfg = Release|Any CPU
		{1A8CD689-7B05-4C97-BA88-3D4B49B727DE}.Release|Any CPU.Build.0 = Release|Any CPU
		{11B97DDD-FE82-469B-9E1F-DAF283D84C96}.Debug|Any CPU.ActiveCfg = Debug|Any CPU
		{11B97DDD-FE82-469B-9E1F-DAF283D84C96}.Debug|Any CPU.Build.0 = Debug|Any CPU
		{11B97DDD-FE82-469B-9E1F-DAF283D84C96}.Release|Any CPU.ActiveCfg = Release|Any CPU
		{11B97DDD-FE82-469B-9E1F-DAF283D84C96}.Release|Any CPU.Build.0 = Release|Any CPU
		{1B463EE3-BFF9-44FF-8F17-67444B258965}.Debug|Any CPU.ActiveCfg = Debug|Any CPU
		{1B463EE3-BFF9-44FF-8F17-67444B258965}.Debug|Any CPU.Build.0 = Debug|Any CPU
		{1B463EE3-BFF9-44FF-8F17-67444B258965}.Release|Any CPU.ActiveCfg = Release|Any CPU
		{1B463EE3-BFF9-44FF-8F17-67444B258965}.Release|Any CPU.Build.0 = Release|Any CPU
		{9CF14B08-2AB3-4EF7-B69C-BB2C290094EF}.Debug|Any CPU.ActiveCfg = Debug|Any CPU
		{9CF14B08-2AB3-4EF7-B69C-BB2C290094EF}.Debug|Any CPU.Build.0 = Debug|Any CPU
		{9CF14B08-2AB3-4EF7-B69C-BB2C290094EF}.Release|Any CPU.ActiveCfg = Release|Any CPU
		{9CF14B08-2AB3-4EF7-B69C-BB2C290094EF}.Release|Any CPU.Build.0 = Release|Any CPU
		{FBE9C40A-5061-4D70-A632-860F0948B1A1}.Debug|Any CPU.ActiveCfg = Debug|Any CPU
		{FBE9C40A-5061-4D70-A632-860F0948B1A1}.Debug|Any CPU.Build.0 = Debug|Any CPU
		{FBE9C40A-5061-4D70-A632-860F0948B1A1}.Release|Any CPU.ActiveCfg = Release|Any CPU
		{FBE9C40A-5061-4D70-A632-860F0948B1A1}.Release|Any CPU.Build.0 = Release|Any CPU
		{B0D24B25-7615-43BD-B37E-37BB062A2AF5}.Debug|Any CPU.ActiveCfg = Debug|Any CPU
		{B0D24B25-7615-43BD-B37E-37BB062A2AF5}.Debug|Any CPU.Build.0 = Debug|Any CPU
		{B0D24B25-7615-43BD-B37E-37BB062A2AF5}.Release|Any CPU.ActiveCfg = Release|Any CPU
		{B0D24B25-7615-43BD-B37E-37BB062A2AF5}.Release|Any CPU.Build.0 = Release|Any CPU
		{0FB33B43-5B8C-431C-9A0F-32EA6E0C0229}.Debug|Any CPU.ActiveCfg = Debug|Any CPU
		{0FB33B43-5B8C-431C-9A0F-32EA6E0C0229}.Debug|Any CPU.Build.0 = Debug|Any CPU
		{0FB33B43-5B8C-431C-9A0F-32EA6E0C0229}.Release|Any CPU.ActiveCfg = Release|Any CPU
		{0FB33B43-5B8C-431C-9A0F-32EA6E0C0229}.Release|Any CPU.Build.0 = Release|Any CPU
		{4FB2A8BB-E9AF-4E7F-829D-1A168C927FD4}.Debug|Any CPU.ActiveCfg = Debug|Any CPU
		{4FB2A8BB-E9AF-4E7F-829D-1A168C927FD4}.Debug|Any CPU.Build.0 = Debug|Any CPU
		{4FB2A8BB-E9AF-4E7F-829D-1A168C927FD4}.Release|Any CPU.ActiveCfg = Release|Any CPU
		{4FB2A8BB-E9AF-4E7F-829D-1A168C927FD4}.Release|Any CPU.Build.0 = Release|Any CPU
		{319FA76B-664D-40F4-8EC3-877C6F52CD47}.Debug|Any CPU.ActiveCfg = Debug|Any CPU
		{319FA76B-664D-40F4-8EC3-877C6F52CD47}.Debug|Any CPU.Build.0 = Debug|Any CPU
		{319FA76B-664D-40F4-8EC3-877C6F52CD47}.Release|Any CPU.ActiveCfg = Release|Any CPU
		{319FA76B-664D-40F4-8EC3-877C6F52CD47}.Release|Any CPU.Build.0 = Release|Any CPU
		{73B056AF-10CF-4AB5-8961-3101AC9A5CA7}.Debug|Any CPU.ActiveCfg = Debug|Any CPU
		{73B056AF-10CF-4AB5-8961-3101AC9A5CA7}.Debug|Any CPU.Build.0 = Debug|Any CPU
		{73B056AF-10CF-4AB5-8961-3101AC9A5CA7}.Release|Any CPU.ActiveCfg = Release|Any CPU
		{73B056AF-10CF-4AB5-8961-3101AC9A5CA7}.Release|Any CPU.Build.0 = Release|Any CPU
		{A5FC25B7-C794-417F-9353-7907C42CF6A4}.Debug|Any CPU.ActiveCfg = Debug|Any CPU
		{A5FC25B7-C794-417F-9353-7907C42CF6A4}.Debug|Any CPU.Build.0 = Debug|Any CPU
		{A5FC25B7-C794-417F-9353-7907C42CF6A4}.Release|Any CPU.ActiveCfg = Release|Any CPU
		{A5FC25B7-C794-417F-9353-7907C42CF6A4}.Release|Any CPU.Build.0 = Release|Any CPU
		{AE5F6239-F5E0-4027-9C85-C6C13E083A6E}.Debug|Any CPU.ActiveCfg = Debug|Any CPU
		{AE5F6239-F5E0-4027-9C85-C6C13E083A6E}.Debug|Any CPU.Build.0 = Debug|Any CPU
		{AE5F6239-F5E0-4027-9C85-C6C13E083A6E}.Release|Any CPU.ActiveCfg = Release|Any CPU
		{AE5F6239-F5E0-4027-9C85-C6C13E083A6E}.Release|Any CPU.Build.0 = Release|Any CPU
		{2A652CDD-5B3C-402E-95D7-804751420884}.Debug|Any CPU.ActiveCfg = Debug|Any CPU
		{2A652CDD-5B3C-402E-95D7-804751420884}.Debug|Any CPU.Build.0 = Debug|Any CPU
		{2A652CDD-5B3C-402E-95D7-804751420884}.Release|Any CPU.ActiveCfg = Release|Any CPU
		{2A652CDD-5B3C-402E-95D7-804751420884}.Release|Any CPU.Build.0 = Release|Any CPU
		{83FAFE4D-F8F4-4FF9-9D0E-9202DA141FA7}.Debug|Any CPU.ActiveCfg = Debug|Any CPU
		{83FAFE4D-F8F4-4FF9-9D0E-9202DA141FA7}.Debug|Any CPU.Build.0 = Debug|Any CPU
		{83FAFE4D-F8F4-4FF9-9D0E-9202DA141FA7}.Release|Any CPU.ActiveCfg = Release|Any CPU
		{83FAFE4D-F8F4-4FF9-9D0E-9202DA141FA7}.Release|Any CPU.Build.0 = Release|Any CPU
		{91A68B06-19C5-46CE-989E-4234E25F7510}.Debug|Any CPU.ActiveCfg = Debug|Any CPU
		{91A68B06-19C5-46CE-989E-4234E25F7510}.Debug|Any CPU.Build.0 = Debug|Any CPU
		{91A68B06-19C5-46CE-989E-4234E25F7510}.Release|Any CPU.ActiveCfg = Release|Any CPU
		{91A68B06-19C5-46CE-989E-4234E25F7510}.Release|Any CPU.Build.0 = Release|Any CPU
		{16F5F2AD-1830-4345-826B-6370A2183C89}.Debug|Any CPU.ActiveCfg = Debug|Any CPU
		{16F5F2AD-1830-4345-826B-6370A2183C89}.Debug|Any CPU.Build.0 = Debug|Any CPU
		{16F5F2AD-1830-4345-826B-6370A2183C89}.Release|Any CPU.ActiveCfg = Release|Any CPU
		{16F5F2AD-1830-4345-826B-6370A2183C89}.Release|Any CPU.Build.0 = Release|Any CPU
		{C10DDE12-EE66-4229-9170-CD21AAC8BB84}.Debug|Any CPU.ActiveCfg = Debug|Any CPU
		{C10DDE12-EE66-4229-9170-CD21AAC8BB84}.Debug|Any CPU.Build.0 = Debug|Any CPU
		{C10DDE12-EE66-4229-9170-CD21AAC8BB84}.Release|Any CPU.ActiveCfg = Release|Any CPU
		{C10DDE12-EE66-4229-9170-CD21AAC8BB84}.Release|Any CPU.Build.0 = Release|Any CPU
		{1DEE10DD-6274-46C5-8F93-A0A28BD6A6FD}.Debug|Any CPU.ActiveCfg = Debug|Any CPU
		{1DEE10DD-6274-46C5-8F93-A0A28BD6A6FD}.Debug|Any CPU.Build.0 = Debug|Any CPU
		{1DEE10DD-6274-46C5-8F93-A0A28BD6A6FD}.Release|Any CPU.ActiveCfg = Release|Any CPU
		{1DEE10DD-6274-46C5-8F93-A0A28BD6A6FD}.Release|Any CPU.Build.0 = Release|Any CPU
	EndGlobalSection
	GlobalSection(SolutionProperties) = preSolution
		HideSolutionNode = FALSE
	EndGlobalSection
	GlobalSection(ExtensibilityGlobals) = postSolution
		SolutionGuid = {4BDE136E-8735-45BB-86A0-AEEBCAD58B7D}
	EndGlobalSection
EndGlobal
